
Microsoft Visual Studio Solution File, Format Version 12.00
# Visual Studio Version 16
VisualStudioVersion = 16.0.810.18
MinimumVisualStudioVersion = 10.0.40219.1
Project("{FAE04EC0-301F-11D3-BF4B-00C04F79EFBC}") = "LoopsAndRandomNubers", "LoopsAndRandomNubers\LoopsAndRandomNubers.csproj", "{207C3498-7DDA-4798-A97D-0DC053862C8E}"
EndProject
Project("{FAE04EC0-301F-11D3-BF4B-00C04F79EFBC}") = "PINInfiniteLoop", "PINInfiniteLoop\PINInfiniteLoop.csproj", "{14F75B80-49A5-49A0-8ACF-90536DF175D9}"
EndProject
Project("{FAE04EC0-301F-11D3-BF4B-00C04F79EFBC}") = "RandomNumber", "RandomNumber\RandomNumber.csproj", "{1212ED3A-FA6A-4AEB-A009-BC93854B54F9}"
EndProject
Project("{FAE04EC0-301F-11D3-BF4B-00C04F79EFBC}") = "GuessingGameInfinite", "GuessingGameInfinite\GuessingGameInfinite.csproj", "{042271DE-C487-4E3C-B5CD-42C49749D34E}"
EndProject
Project("{FAE04EC0-301F-11D3-BF4B-00C04F79EFBC}") = "GuessinGameThreeTries", "GuessinGameThreeTries\GuessinGameThreeTries.csproj", "{581D516F-1353-4C56-A811-56F2D74419B0}"
EndProject
Global
	GlobalSection(SolutionConfigurationPlatforms) = preSolution
		Debug|Any CPU = Debug|Any CPU
		Release|Any CPU = Release|Any CPU
	EndGlobalSection
	GlobalSection(ProjectConfigurationPlatforms) = postSolution
		{207C3498-7DDA-4798-A97D-0DC053862C8E}.Debug|Any CPU.ActiveCfg = Debug|Any CPU
		{207C3498-7DDA-4798-A97D-0DC053862C8E}.Debug|Any CPU.Build.0 = Debug|Any CPU
		{207C3498-7DDA-4798-A97D-0DC053862C8E}.Release|Any CPU.ActiveCfg = Release|Any CPU
		{207C3498-7DDA-4798-A97D-0DC053862C8E}.Release|Any CPU.Build.0 = Release|Any CPU
		{14F75B80-49A5-49A0-8ACF-90536DF175D9}.Debug|Any CPU.ActiveCfg = Debug|Any CPU
		{14F75B80-49A5-49A0-8ACF-90536DF175D9}.Debug|Any CPU.Build.0 = Debug|Any CPU
		{14F75B80-49A5-49A0-8ACF-90536DF175D9}.Release|Any CPU.ActiveCfg = Release|Any CPU
		{14F75B80-49A5-49A0-8ACF-90536DF175D9}.Release|Any CPU.Build.0 = Release|Any CPU
		{1212ED3A-FA6A-4AEB-A009-BC93854B54F9}.Debug|Any CPU.ActiveCfg = Debug|Any CPU
		{1212ED3A-FA6A-4AEB-A009-BC93854B54F9}.Debug|Any CPU.Build.0 = Debug|Any CPU
		{1212ED3A-FA6A-4AEB-A009-BC93854B54F9}.Release|Any CPU.ActiveCfg = Release|Any CPU
		{1212ED3A-FA6A-4AEB-A009-BC93854B54F9}.Release|Any CPU.Build.0 = Release|Any CPU
		{042271DE-C487-4E3C-B5CD-42C49749D34E}.Debug|Any CPU.ActiveCfg = Debug|Any CPU
		{042271DE-C487-4E3C-B5CD-42C49749D34E}.Debug|Any CPU.Build.0 = Debug|Any CPU
		{042271DE-C487-4E3C-B5CD-42C49749D34E}.Release|Any CPU.ActiveCfg = Release|Any CPU
		{042271DE-C487-4E3C-B5CD-42C49749D34E}.Release|Any CPU.Build.0 = Release|Any CPU
		{581D516F-1353-4C56-A811-56F2D74419B0}.Debug|Any CPU.ActiveCfg = Debug|Any CPU
		{581D516F-1353-4C56-A811-56F2D74419B0}.Debug|Any CPU.Build.0 = Debug|Any CPU
		{581D516F-1353-4C56-A811-56F2D74419B0}.Release|Any CPU.ActiveCfg = Release|Any CPU
		{581D516F-1353-4C56-A811-56F2D74419B0}.Release|Any CPU.Build.0 = Release|Any CPU
	EndGlobalSection
	GlobalSection(SolutionProperties) = preSolution
		HideSolutionNode = FALSE
	EndGlobalSection
	GlobalSection(ExtensibilityGlobals) = postSolution
		SolutionGuid = {BD3B5F69-82F4-432C-BA89-079298F490FD}
	EndGlobalSection
EndGlobal
